Microsoft Visual Studio Solution File, Format Version 12.00
# Visual Studio Version 17
VisualStudioVersion = 17.4.33205.214
MinimumVisualStudioVersion = 10.0.40219.1
Project("{9A19103F-16F7-4668-BE54-9A1E7A4F7556}") = "ApiServer", "ApiServer\ApiServer.csproj", "{6B6ED03D-ECE1-4D71-8035-8E18687849B2}"
EndProject
Project("{9A19103F-16F7-4668-BE54-9A1E7A4F7556}") = "Domain", "Core\Domain\Domain.csproj", "{F569BC1C-EFE3-43A0-892C-20733A775B13}"
EndProject
Project("{9A19103F-16F7-4668-BE54-9A1E7A4F7556}") = "Persistence", "Infrastructure\ORM\Persistence\Persistence.csproj", "{5618EF01-8A8F-4BC2-BDA0-F1C7BDE70572}"
	ProjectSection(ProjectDependencies) = postProject
		{EB507B4A-3DDF-411C-8EC5-59BC59DC15A9} = {EB507B4A-3DDF-411C-8EC5-59BC59DC15A9}
		{F569BC1C-EFE3-43A0-892C-20733A775B13} = {F569BC1C-EFE3-43A0-892C-20733A775B13}
	EndProjectSection
EndProject
Project("{9A19103F-16F7-4668-BE54-9A1E7A4F7556}") = "Application", "Core\Application\Application.csproj", "{EB507B4A-3DDF-411C-8EC5-59BC59DC15A9}"
	ProjectSection(ProjectDependencies) = postProject
		{F569BC1C-EFE3-43A0-892C-20733A775B13} = {F569BC1C-EFE3-43A0-892C-20733A775B13}
	EndProjectSection
EndProject
Project("{9A19103F-16F7-4668-BE54-9A1E7A4F7556}") = "Api", "Presentation\Api\Api.csproj", "{CCF3ED5B-07B7-487B-BF2C-F160E0524616}"
	ProjectSection(ProjectDependencies) = postProject
		{EB507B4A-3DDF-411C-8EC5-59BC59DC15A9} = {EB507B4A-3DDF-411C-8EC5-59BC59DC15A9}
	EndProjectSection
EndProject
Project("{2150E333-8FDC-42A3-9474-1A3956D46DE8}") = "Core", "Core", "{0F2AD3EE-C5C5-49E2-91E6-FE0320C101A1}"
EndProject
Project("{2150E333-8FDC-42A3-9474-1A3956D46DE8}") = "Infrastructure", "Infrastructure", "{C6D6DFB2-9A0F-47B3-B53E-BBB3AF036108}"
EndProject
Project("{2150E333-8FDC-42A3-9474-1A3956D46DE8}") = "Presentation", "Presentation", "{6692E5B4-A843-4744-A341-E6A199558E96}"
EndProject
Project("{2150E333-8FDC-42A3-9474-1A3956D46DE8}") = "Tools", "Tools", "{53D70850-AE6F-4F87-A702-7F0030B7511A}"
EndProject
Project("{9A19103F-16F7-4668-BE54-9A1E7A4F7556}") = "ErrorHandler", "Core\Tools\Result\ErrorHandler.csproj", "{47033FB0-CBE2-4564-BFB6-405176C7121D}"
EndProject
Project("{2150E333-8FDC-42A3-9474-1A3956D46DE8}") = "DesignTime", "DesignTime", "{732C4F7F-67E2-4AAF-A294-8DE224A6D7A1}"
EndProject
Project("{2150E333-8FDC-42A3-9474-1A3956D46DE8}") = "Scripts", "Scripts", "{C274158B-8D05-4BD4-9671-D55C9F91831C}"
	ProjectSection(SolutionItems) = preProject
		GetDependantEntities.js = GetDependantEntities.js
	EndProjectSection
EndProject
Project("{9A19103F-16F7-4668-BE54-9A1E7A4F7556}") = "DataSeeder", "Infrastructure\ORM\Utills\DataSeeder\DataSeeder.csproj", "{77BA5F3B-8710-4A23-A7DC-1F287FF15038}"
EndProject
Project("{E53339B2-1760-4266-BCC7-CA923CBCF16C}") = "VehicleBackEnd", "VehicleBackEnd.dcproj", "{C48D301B-E2CC-4E5C-A5E4-552F172DCEBC}"
EndProject
Project("{9A19103F-16F7-4668-BE54-9A1E7A4F7556}") = "Migrations", "Infrastructure\ORM\Utills\Migrations\Migrations.csproj", "{D1CF1DF8-5539-4A48-B9FB-0CE838B57FA8}"
EndProject
Project("{2150E333-8FDC-42A3-9474-1A3956D46DE8}") = "ORM", "ORM", "{C06B2BCB-B1A3-468B-8D59-C3E6EF5FBFBF}"
EndProject
Project("{2150E333-8FDC-42A3-9474-1A3956D46DE8}") = "Utills", "Utills", "{4F23DF8F-392E-4BE1-9831-FCD6D2FCA71A}"
EndProject
Global
	GlobalSection(SolutionConfigurationPlatforms) = preSolution
		Debug|Any CPU = Debug|Any CPU
		Release|Any CPU = Release|Any CPU
	EndGlobalSection
	GlobalSection(ProjectConfigurationPlatforms) = postSolution
		{6B6ED03D-ECE1-4D71-8035-8E18687849B2}.Debug|Any CPU.ActiveCfg = Debug|Any CPU
		{6B6ED03D-ECE1-4D71-8035-8E18687849B2}.Debug|Any CPU.Build.0 = Debug|Any CPU
		{6B6ED03D-ECE1-4D71-8035-8E18687849B2}.Release|Any CPU.ActiveCfg = Release|Any CPU
		{6B6ED03D-ECE1-4D71-8035-8E18687849B2}.Release|Any CPU.Build.0 = Release|Any CPU
		{F569BC1C-EFE3-43A0-892C-20733A775B13}.Debug|Any CPU.ActiveCfg = Debug|Any CPU
		{F569BC1C-EFE3-43A0-892C-20733A775B13}.Debug|Any CPU.Build.0 = Debug|Any CPU
		{F569BC1C-EFE3-43A0-892C-20733A775B13}.Release|Any CPU.ActiveCfg = Release|Any CPU
		{F569BC1C-EFE3-43A0-892C-20733A775B13}.Release|Any CPU.Build.0 = Release|Any CPU
		{5618EF01-8A8F-4BC2-BDA0-F1C7BDE70572}.Debug|Any CPU.ActiveCfg = Debug|Any CPU
		{5618EF01-8A8F-4BC2-BDA0-F1C7BDE70572}.Debug|Any CPU.Build.0 = Debug|Any CPU
		{5618EF01-8A8F-4BC2-BDA0-F1C7BDE70572}.Release|Any CPU.ActiveCfg = Release|Any CPU
		{5618EF01-8A8F-4BC2-BDA0-F1C7BDE70572}.Release|Any CPU.Build.0 = Release|Any CPU
		{EB507B4A-3DDF-411C-8EC5-59BC59DC15A9}.Debug|Any CPU.ActiveCfg = Debug|Any CPU
		{EB507B4A-3DDF-411C-8EC5-59BC59DC15A9}.Debug|Any CPU.Build.0 = Debug|Any CPU
		{EB507B4A-3DDF-411C-8EC5-59BC59DC15A9}.Release|Any CPU.ActiveCfg = Release|Any CPU
		{EB507B4A-3DDF-411C-8EC5-59BC59DC15A9}.Release|Any CPU.Build.0 = Release|Any CPU
		{CCF3ED5B-07B7-487B-BF2C-F160E0524616}.Debug|Any CPU.ActiveCfg = Debug|Any CPU
		{CCF3ED5B-07B7-487B-BF2C-F160E0524616}.Debug|Any CPU.Build.0 = Debug|Any CPU
		{CCF3ED5B-07B7-487B-BF2C-F160E0524616}.Release|Any CPU.ActiveCfg = Release|Any CPU
		{CCF3ED5B-07B7-487B-BF2C-F160E0524616}.Release|Any CPU.Build.0 = Release|Any CPU
		{47033FB0-CBE2-4564-BFB6-405176C7121D}.Debug|Any CPU.ActiveCfg = Debug|Any CPU
		{47033FB0-CBE2-4564-BFB6-405176C7121D}.Debug|Any CPU.Build.0 = Debug|Any CPU
		{47033FB0-CBE2-4564-BFB6-405176C7121D}.Release|Any CPU.ActiveCfg = Release|Any CPU
		{47033FB0-CBE2-4564-BFB6-405176C7121D}.Release|Any CPU.Build.0 = Release|Any CPU
		{77BA5F3B-8710-4A23-A7DC-1F287FF15038}.Debug|Any CPU.ActiveCfg = Debug|Any CPU
		{77BA5F3B-8710-4A23-A7DC-1F287FF15038}.Debug|Any CPU.Build.0 = Debug|Any CPU
		{77BA5F3B-8710-4A23-A7DC-1F287FF15038}.Release|Any CPU.ActiveCfg = Release|Any CPU
		{77BA5F3B-8710-4A23-A7DC-1F287FF15038}.Release|Any CPU.Build.0 = Release|Any CPU
		{C48D301B-E2CC-4E5C-A5E4-552F172DCEBC}.Debug|Any CPU.ActiveCfg = Debug|Any CPU
		{C48D301B-E2CC-4E5C-A5E4-552F172DCEBC}.Debug|Any CPU.Build.0 = Debug|Any CPU
		{C48D301B-E2CC-4E5C-A5E4-552F172DCEBC}.Release|Any CPU.ActiveCfg = Release|Any CPU
		{C48D301B-E2CC-4E5C-A5E4-552F172DCEBC}.Release|Any CPU.Build.0 = Release|Any CPU
		{D1CF1DF8-5539-4A48-B9FB-0CE838B57FA8}.Debug|Any CPU.ActiveCfg = Debug|Any CPU
		{D1CF1DF8-5539-4A48-B9FB-0CE838B57FA8}.Debug|Any CPU.Build.0 = Debug|Any CPU
		{D1CF1DF8-5539-4A48-B9FB-0CE838B57FA8}.Release|Any CPU.ActiveCfg = Release|Any CPU
		{D1CF1DF8-5539-4A48-B9FB-0CE838B57FA8}.Release|Any CPU.Build.0 = Release|Any CPU
	EndGlobalSection
	GlobalSection(SolutionProperties) = preSolution
		HideSolutionNode = FALSE
	EndGlobalSection
	GlobalSection(NestedProjects) = preSolution
		{F569BC1C-EFE3-43A0-892C-20733A775B13} = {0F2AD3EE-C5C5-49E2-91E6-FE0320C101A1}
		{5618EF01-8A8F-4BC2-BDA0-F1C7BDE70572} = {C06B2BCB-B1A3-468B-8D59-C3E6EF5FBFBF}
		{EB507B4A-3DDF-411C-8EC5-59BC59DC15A9} = {0F2AD3EE-C5C5-49E2-91E6-FE0320C101A1}
		{CCF3ED5B-07B7-487B-BF2C-F160E0524616} = {6692E5B4-A843-4744-A341-E6A199558E96}
		{53D70850-AE6F-4F87-A702-7F0030B7511A} = {0F2AD3EE-C5C5-49E2-91E6-FE0320C101A1}
		{47033FB0-CBE2-4564-BFB6-405176C7121D} = {53D70850-AE6F-4F87-A702-7F0030B7511A}
		{732C4F7F-67E2-4AAF-A294-8DE224A6D7A1} = {C6D6DFB2-9A0F-47B3-B53E-BBB3AF036108}
		{C274158B-8D05-4BD4-9671-D55C9F91831C} = {732C4F7F-67E2-4AAF-A294-8DE224A6D7A1}
		{77BA5F3B-8710-4A23-A7DC-1F287FF15038} = {4F23DF8F-392E-4BE1-9831-FCD6D2FCA71A}
		{D1CF1DF8-5539-4A48-B9FB-0CE838B57FA8} = {4F23DF8F-392E-4BE1-9831-FCD6D2FCA71A}
		{C06B2BCB-B1A3-468B-8D59-C3E6EF5FBFBF} = {C6D6DFB2-9A0F-47B3-B53E-BBB3AF036108}
		{4F23DF8F-392E-4BE1-9831-FCD6D2FCA71A} = {C06B2BCB-B1A3-468B-8D59-C3E6EF5FBFBF}
	EndGlobalSection
	GlobalSection(ExtensibilityGlobals) = postSolution
		SolutionGuid = {85DA2EC0-4D2C-4014-9E78-77C049FA503C}
	EndGlobalSection
EndGlobal
